<?xml version="1.0" encoding="utf-8"?>
<Project ToolsVersion="4.0" xmlns="http://schemas.microsoft.com/developer/msbuild/2003">
  <ItemGroup>
    <Filter Include="源文件">
      <UniqueIdentifier>{4FC737F1-C7A5-4376-A066-2A32D752A2FF}</UniqueIdentifier>
      <Extensions>cpp;c;cc;cxx;c++;def;odl;idl;hpj;bat;asm;asmx</Extensions>
    </Filter>
    <Filter Include="头文件">
      <UniqueIdentifier>{93995380-89BD-4b04-88EB-625FBE52EBFB}</UniqueIdentifier>
      <Extensions>h;hh;hpp;hxx;h++;hm;inl;inc;ipp;xsd</Extensions>
    </Filter>
    <Filter Include="资源文件">
      <UniqueIdentifier>{67DA6AB6-F800-4c08-8B7A-83BB121AAD01}</UniqueIdentifier>
      <Extensions>rc;ico;cur;bmp;dlg;rc2;rct;bin;rgs;gif;jpg;jpeg;jpe;resx;tiff;tif;png;wav;mfcribbon-ms</Extensions>
    </Filter>
    <Filter Include="源文件\server">
      <UniqueIdentifier>{76099e77-5549-453c-a70e-3fc0b313a2a9}</UniqueIdentifier>
    </Filter>
    <Filter Include="资源文件\img">
      <UniqueIdentifier>{1f798e60-5f5e-47cf-a10e-1a9685a58d18}</UniqueIdentifier>
    </Filter>
    <Filter Include="资源文件\media">
      <UniqueIdentifier>{34a0e833-e186-429c-84c8-3a39b4127c43}</UniqueIdentifier>
    </Filter>
    <Filter Include="资源文件\qss">
      <UniqueIdentifier>{2e1129a8-8e7a-4417-8afe-dbc13e1e223d}</UniqueIdentifier>
    </Filter>
    <Filter Include="源文件\client">
      <UniqueIdentifier>{530a7ccc-cae2-4720-8735-f98b94217ad6}</UniqueIdentifier>
    </Filter>
  </ItemGroup>
  <ItemGroup>
    <ClCompile Include="Server\battlecontroller.cpp">
      <Filter>源文件\server</Filter>
    </ClCompile>
    <ClCompile Include="Server\endpoint.cpp">
      <Filter>源文件\server</Filter>
    </ClCompile>
    <ClCompile Include="Server\main.cpp">
      <Filter>源文件\server</Filter>
    </ClCompile>
    <ClCompile Include="Server\mystringfunc.cpp">
      <Filter>源文件\server</Filter>
    </ClCompile>
    <ClCompile Include="Server\pokemon.cpp">
      <Filter>源文件\server</Filter>
    </ClCompile>
    <ClCompile Include="Server\server.cpp">
      <Filter>源文件\server</Filter>
    </ClCompile>
    <ClCompile Include="Client\authentication.cpp">
      <Filter>源文件\client</Filter>
    </ClCompile>
    <ClCompile Include="Client\logondlg.cpp">
      <Filter>源文件\client</Filter>
    </ClCompile>
    <ClCompile Include="Client\mainwindow.cpp">
      <Filter>源文件\client</Filter>
    </ClCompile>
    <ClCompile Include="Client\pokemondlg.cpp">
      <Filter>源文件\client</Filter>
    </ClCompile>
    <ClCompile Include="Client\main.cpp">
      <Filter>源文件\client</Filter>
    </ClCompile>
  </ItemGroup>
  <ItemGroup>
    <ClInclude Include="Server\battlecontroller.h">
      <Filter>源文件\server</Filter>
    </ClInclude>
    <ClInclude Include="Server\endpoint.h">
      <Filter>源文件\server</Filter>
    </ClInclude>
    <ClInclude Include="Server\mystringfunc.h">
      <Filter>源文件\server</Filter>
    </ClInclude>
    <ClInclude Include="Server\netconfig.h">
      <Filter>源文件\server</Filter>
    </ClInclude>
    <ClInclude Include="Server\pokemon.h">
      <Filter>源文件\server</Filter>
    </ClInclude>
    <ClInclude Include="Server\server.h">
      <Filter>源文件\server</Filter>
    </ClInclude>
    <ClInclude Include="Server\sqlite3.h">
      <Filter>源文件\server</Filter>
    </ClInclude>
    <ClInclude Include="Client\authentication.h">
      <Filter>源文件\client</Filter>
    </ClInclude>
    <ClInclude Include="Client\logondlg.h">
      <Filter>源文件\client</Filter>
    </ClInclude>
    <ClInclude Include="Client\mainwindow.h">
      <Filter>源文件\client</Filter>
    </ClInclude>
    <ClInclude Include="Client\netconfig.h">
      <Filter>源文件\client</Filter>
    </ClInclude>
    <ClInclude Include="Client\pokemondlg.h">
      <Filter>源文件\client</Filter>
    </ClInclude>
  </ItemGroup>
  <ItemGroup>
    <None Include="Server\sqlite3.dll">
      <Filter>源文件\server</Filter>
    </None>
    <None Include="Client\qss\main.qss">
      <Filter>资源文件\qss</Filter>
    </None>
    <None Include="Client\img.qrc">
      <Filter>源文件\client</Filter>
    </None>
    <None Include="Client\logondlg.ui">
      <Filter>源文件\client</Filter>
    </None>
    <None Include="Client\mainwindow.ui">
      <Filter>源文件\client</Filter>
    </None>
    <None Include="Client\meida.qrc">
      <Filter>源文件\client</Filter>
    </None>
    <None Include="Client\PokeFighterClient.pro">
      <Filter>源文件\client</Filter>
    </None>
    <None Include="Client\pokemondlg.ui">
      <Filter>源文件\client</Filter>
    </None>
    <None Include="Client\qss.qrc">
      <Filter>源文件\client</Filter>
    </None>
  </ItemGroup>
  <ItemGroup>
    <Image Include="Client\img\bulbasaur.png">
      <Filter>资源文件\img</Filter>
    </Image>
    <Image Include="Client\img\charmander.png">
      <Filter>资源文件\img</Filter>
    </Image>
    <Image Include="Client\img\exit.png">
      <Filter>资源文件\img</Filter>
    </Image>
    <Image Include="Client\img\pidgey.png">
      <Filter>资源文件\img</Filter>
    </Image>
    <Image Include="Client\img\play.png">
      <Filter>资源文件\img</Filter>
    </Image>
    <Image Include="Client\img\squirtle.png">
      <Filter>资源文件\img</Filter>
    </Image>
    <Image Include="Client\img\start.jpg">
      <Filter>资源文件\img</Filter>
    </Image>
  </ItemGroup>
  <ItemGroup>
    <Library Include="Server\sqlite3.lib">
      <Filter>源文件\server</Filter>
    </Library>
  </ItemGroup>
  <ItemGroup>
    <Media Include="Client\media\op.mp3">
      <Filter>资源文件\media</Filter>
    </Media>
  </ItemGroup>
</Project>