
Microsoft Visual Studio Solution File, Format Version 12.00
# Visual Studio Version 16
VisualStudioVersion = 16.0.30309.148
MinimumVisualStudioVersion = 10.0.40219.1
Project("{8BC9CEB8-8B4A-11D0-8D11-00A0C91BC942}") = "Phase 1", "Phase 1\Phase 1.vcxproj", "{FCE523F7-1C7F-415F-913F-041D903BB3C9}"
EndProject
Global
	GlobalSection(SolutionConfigurationPlatforms) = preSolution
		Debug|x64 = Debug|x64
		Debug|x86 = Debug|x86
		Release|x64 = Release|x64
		Release|x86 = Release|x86
	EndGlobalSection
	GlobalSection(ProjectConfigurationPlatforms) = postSolution
		{FCE523F7-1C7F-415F-913F-041D903BB3C9}.Debug|x64.ActiveCfg = Debug|x64
		{FCE523F7-1C7F-415F-913F-041D903BB3C9}.Debug|x64.Build.0 = Debug|x64
		{FCE523F7-1C7F-415F-913F-041D903BB3C9}.Debug|x86.ActiveCfg = Debug|Win32
		{FCE523F7-1C7F-415F-913F-041D903BB3C9}.Debug|x86.Build.0 = Debug|Win32
		{FCE523F7-1C7F-415F-913F-041D903BB3C9}.Release|x64.ActiveCfg = Release|x64
		{FCE523F7-1C7F-415F-913F-041D903BB3C9}.Release|x64.Build.0 = Release|x64
		{FCE523F7-1C7F-415F-913F-041D903BB3C9}.Release|x86.ActiveCfg = Release|Win32
		{FCE523F7-1C7F-415F-913F-041D903BB3C9}.Release|x86.Build.0 = Release|Win32
	EndGlobalSection
	GlobalSection(SolutionProperties) = preSolution
		HideSolutionNode = FALSE
	EndGlobalSection
	GlobalSection(ExtensibilityGlobals) = postSolution
		SolutionGuid = {58AA9E45-B099-4BDC-AE6F-0162F054B2D2}
	EndGlobalSection
EndGlobal
